id: soarr_inject_db
label: Inject DB
category: '[soarr]/Database'

templates:
  imports: from gnuradio import soarr
  make: soarr.inject_db()

parameters: []

inputs:
- label: in
  domain: message
  optional: 0
- label: db_callback
  domain: message
  optional: 0

outputs:
- label: out
  domain: message
  optional: 0
- label: db_call
  domain: message
  optional: 0

documentation: |-
  Looks up the keys and counters for each frame in db_client and merges them into the PDU's metadata.

  Ports:
  - in: frames needing key material (metadata: scid, spi, bypass, control).
  - db_call / db_callback: connect both to db_client.
  - out: the original payload with the merged metadata, for encapsulation_header (TX) or sdls_authentication_verify (RX).

  Several requests may be in flight at once; each answer is matched to its own request.

file_format: 1
