id: soarr_sdls_header
label: SDLS Header
category: '[soarr]/SDLS'

templates:
  imports: from gnuradio import soarr
  make: soarr.sdls_header(2)

#  iv_length_bytes is fixed at 2 (matching sdls_encryption/
#  sdls_authentication's hardcoded AES-CTR/CMAC counter width) and not
#  GRC-exposed, since any other value raises ValueError at construction -
#  same pattern as bch_decoder's fixed mode parameter.

#  Make one 'inputs' list entry per input and one 'outputs' list entry per output.
#  Keys include:
#      * label (an identifier for the GUI)
#      * domain (optional - stream or message. Default is stream)
#      * dtype (e.g. int, float, complex, byte, short, xxx_vector, ...)
#      * vlen (optional - data stream vector length. Default is 1)
#      * optional (optional - set to 1 for optional inputs. Default is 0)

inputs:
- label: in
  domain: message
  optional: 0

outputs:
- label: out
  domain: message
  optional: 0

#  'file_format' specifies the version of the GRC yml format used in the file
#  and should usually not be changed.
file_format: 1
